
Microsoft Visual Studio Solution File, Format Version 12.00
# Visual Studio Version 16
VisualStudioVersion = 16.0.31424.327
MinimumVisualStudioVersion = 10.0.40219.1
Project("{FAE04EC0-301F-11D3-BF4B-00C04F79EFBC}") = "SalesWebMVC", "SalesWebMVC\SalesWebMVC.csproj", "{3ECC77C9-B3FE-40CD-A5E6-3407E7987DE4}"
EndProject
Global
	GlobalSection(SolutionConfigurationPlatforms) = preSolution
		Debug|Any CPU = Debug|Any CPU
		Release|Any CPU = Release|Any CPU
	EndGlobalSection
	GlobalSection(ProjectConfigurationPlatforms) = postSolution
		{3ECC77C9-B3FE-40CD-A5E6-3407E7987DE4}.Debug|Any CPU.ActiveCfg = Debug|Any CPU
		{3ECC77C9-B3FE-40CD-A5E6-3407E7987DE4}.Debug|Any CPU.Build.0 = Debug|Any CPU
		{3ECC77C9-B3FE-40CD-A5E6-3407E7987DE4}.Release|Any CPU.ActiveCfg = Release|Any CPU
		{3ECC77C9-B3FE-40CD-A5E6-3407E7987DE4}.Release|Any CPU.Build.0 = Release|Any CPU
	EndGlobalSection
	GlobalSection(SolutionProperties) = preSolution
		HideSolutionNode = FALSE
	EndGlobalSection
	GlobalSection(ExtensibilityGlobals) = postSolution
		SolutionGuid = {F73499A3-D278-471D-982D-2CE62222D800}
	EndGlobalSection
EndGlobal
